{
  "name": "pattern-collector-routesjs-pull-lines",
  "version": "1.4.2",
  "lockfileVersion": 3,
  "requires": true,
  "packages": {
    "": {
      "name": "pattern-collector-routesjs-pull-lines",
      "version": "1.4.2",
      "dependencies": {
        "pattern-collector-routesjs-import-extract": "^1.5.4",
        "pattern-collector-routesjs-use-extract": "^1.5.2"
      }
    },
    "node_modules/pattern-collector": {
      "version": "1.5.8",
      "resolved": "https://registry.npmjs.org/pattern-collector/-/pattern-collector-1.5.8.tgz",
      "integrity": "sha512-YnBDqPD496w9YqNMKxzbJN6C5jZl6bX7Y1rgwlKt+0aUqlGI6oc3QjZdNtELEmCbB1TCUAyrOS8E9c6zQ0MYQg=="
    },
    "node_modules/pattern-collector-routesjs-import": {
      "version": "1.4.5",
      "resolved": "https://registry.npmjs.org/pattern-collector-routesjs-import/-/pattern-collector-routesjs-import-1.4.5.tgz",
      "integrity": "sha512-XddXrpM01LYhQtKBCrdqmhllzhU60FXCLvToAfTQF0BuqhxUeKmVhl8CZZXZEev5j7Y2NSF/fgkI4IreCQqZnQ==",
      "dependencies": {
        "pattern-collector": "^1.5.8"
      }
    },
    "node_modules/pattern-collector-routesjs-import-extract": {
      "version": "1.5.4",
      "resolved": "https://registry.npmjs.org/pattern-collector-routesjs-import-extract/-/pattern-collector-routesjs-import-extract-1.5.4.tgz",
      "integrity": "sha512-L8YOzGlPsIm0u2ySVs5cp23Yi2dk0G3+2MeZFJvdHKpTU1KZx2VJxiz0hu8tDAglRkG3yBwMERPPmC603hlgGg==",
      "dependencies": {
        "pattern-collector-routesjs-import": "^1.4.5"
      }
    },
    "node_modules/pattern-collector-routesjs-use": {
      "version": "1.4.2",
      "resolved": "https://registry.npmjs.org/pattern-collector-routesjs-use/-/pattern-collector-routesjs-use-1.4.2.tgz",
      "integrity": "sha512-G/gBblmzwHhF3y9Nz5c10aewmOWgO4nHtAfB76h7xciknHUUxhgI955BvEPkrvyBL98SdB7AJKIhXu+742tA+g==",
      "dependencies": {
        "pattern-collector": "^1.5.8"
      }
    },
    "node_modules/pattern-collector-routesjs-use-extract": {
      "version": "1.5.2",
      "resolved": "https://registry.npmjs.org/pattern-collector-routesjs-use-extract/-/pattern-collector-routesjs-use-extract-1.5.2.tgz",
      "integrity": "sha512-t4cAX6RuBpFQa3ohGmiBi85aCVbwn18ag4S0JyPgQKoWbajQrTnx0Dc3xiuWQ37QQB7OvycnpUaORYAXp10vLQ==",
      "dependencies": {
        "pattern-collector-routesjs-use": "^1.4.2"
      }
    }
  }
}
