{
  "name": "pattern-collector-routesjs-pull-lines",
  "version": "1.7.7",
  "lockfileVersion": 3,
  "requires": true,
  "packages": {
    "": {
      "name": "pattern-collector-routesjs-pull-lines",
      "version": "1.7.7",
      "dependencies": {
        "pattern-collector-routesjs-import-extract": "^1.9.8",
        "pattern-collector-routesjs-use-extract": "^1.5.10"
      }
    },
    "node_modules/pattern-collector": {
      "version": "1.5.16",
      "resolved": "https://registry.npmjs.org/pattern-collector/-/pattern-collector-1.5.16.tgz",
      "integrity": "sha512-IvX52ePVKo3ADEsTTaNYV11tJTR7ZlHJsYA5mT2ZdUax3DHiCJEslW8++D5PAnceMR+hlSUVTCbjkkqtx3kC3g=="
    },
    "node_modules/pattern-collector-base-regex": {
      "version": "1.2.1",
      "resolved": "https://registry.npmjs.org/pattern-collector-base-regex/-/pattern-collector-base-regex-1.2.1.tgz",
      "integrity": "sha512-zTMDcIMJSw1aFk4MRdYLeuM+PhWXaX7RL9epdCi0Dhn6t/pV8dhGRknf/Dq85r/KV14n5KOobFf1ksvNsrcRJA=="
    },
    "node_modules/pattern-collector-routesjs-import": {
      "version": "1.4.13",
      "resolved": "https://registry.npmjs.org/pattern-collector-routesjs-import/-/pattern-collector-routesjs-import-1.4.13.tgz",
      "integrity": "sha512-ucDkFi1ArNXUU/v9WVVZYwzDHS6QFYbvZg2yAlFxRiCi+lanLAHM+w1YCjXMIFk3XI3fbqLtV6tbBWsagMCKIg==",
      "dependencies": {
        "pattern-collector": "^1.5.16"
      }
    },
    "node_modules/pattern-collector-routesjs-import-extract": {
      "version": "1.9.8",
      "resolved": "https://registry.npmjs.org/pattern-collector-routesjs-import-extract/-/pattern-collector-routesjs-import-extract-1.9.8.tgz",
      "integrity": "sha512-HBpcGUND07UfUXfIdctuKUWwWLSn0t3rL46eEZ2+CuBON2WRoAeqoVFeg2ksZ8YzyE1WTXgft92dn6sqZjYp1A==",
      "dependencies": {
        "pattern-collector-base-regex": "^1.2.1",
        "pattern-collector-routesjs-import": "^1.4.13",
        "pattern-collector-routesjs-import-extract-regex": "^1.3.6"
      }
    },
    "node_modules/pattern-collector-routesjs-import-extract-regex": {
      "version": "1.3.6",
      "resolved": "https://registry.npmjs.org/pattern-collector-routesjs-import-extract-regex/-/pattern-collector-routesjs-import-extract-regex-1.3.6.tgz",
      "integrity": "sha512-P0LRbHz5bL13+bKcpdQJm6AqZSMgzCD20wYm/2uX6ytLXN/XGLhKNBx47B13z7oE0qm668Q2haT1cA3iFHi0dw=="
    },
    "node_modules/pattern-collector-routesjs-use": {
      "version": "1.4.10",
      "resolved": "https://registry.npmjs.org/pattern-collector-routesjs-use/-/pattern-collector-routesjs-use-1.4.10.tgz",
      "integrity": "sha512-L3+YAEHGwGH0wGQZCe0j3GXS/jyLQujfiJGxAIGJ1ijuuOMSgRsPJBO/4gTHzYdq+Lhj3kqGF8iDNRx4vbDBbg==",
      "dependencies": {
        "pattern-collector": "^1.5.16"
      }
    },
    "node_modules/pattern-collector-routesjs-use-extract": {
      "version": "1.5.10",
      "resolved": "https://registry.npmjs.org/pattern-collector-routesjs-use-extract/-/pattern-collector-routesjs-use-extract-1.5.10.tgz",
      "integrity": "sha512-gDhjjrmxQUCHiEb/b5OpliCcBn+jff/ndXtVsAX7qX18YdeodzN6DSH1wmKytuIFoAz9Yk799YPYuB9nUk20Uw==",
      "dependencies": {
        "pattern-collector-routesjs-use": "^1.4.10"
      }
    }
  }
}
