{
  "name": "pattern-collector-routesjs-build-story",
  "version": "1.2.1",
  "lockfileVersion": 3,
  "requires": true,
  "packages": {
    "": {
      "name": "pattern-collector-routesjs-build-story",
      "version": "1.2.1",
      "dependencies": {
        "pattern-collector-routesjs-import-extract": "^1.3.1",
        "pattern-collector-routesjs-use-extract": "^1.4.1"
      }
    },
    "node_modules/pattern-collector": {
      "version": "1.3.8",
      "resolved": "https://registry.npmjs.org/pattern-collector/-/pattern-collector-1.3.8.tgz",
      "integrity": "sha512-U6sedpYgXr3dJBP1JhcvI+5GDRhwxqS66DizL2lUKcdXx43eRe2e1EZlfSJgoqUABsUxAG/hT6sg22qUCxqseQ=="
    },
    "node_modules/pattern-collector-routesjs-import": {
      "version": "1.3.1",
      "resolved": "https://registry.npmjs.org/pattern-collector-routesjs-import/-/pattern-collector-routesjs-import-1.3.1.tgz",
      "integrity": "sha512-6r9J2CghwrGtwSiLx/7z7dVgGdeSn10qh/IePIQnUAtmbwEOTRrmtsU0y8x2aO1mSuYL5N3tjzXJaX7Q8xkcOw==",
      "dependencies": {
        "pattern-collector": "^1.3.8"
      }
    },
    "node_modules/pattern-collector-routesjs-import-extract": {
      "version": "1.3.1",
      "resolved": "https://registry.npmjs.org/pattern-collector-routesjs-import-extract/-/pattern-collector-routesjs-import-extract-1.3.1.tgz",
      "integrity": "sha512-5YQajVGf8VmM0QsQTHlg3icgO+4lSvgW39bqEk4PJvIWLm0x5Yn5Gr1kXhcH060tkkHLrMvS8rsZJjtwpeyICA==",
      "dependencies": {
        "pattern-collector-routesjs-import": "^1.3.1"
      }
    },
    "node_modules/pattern-collector-routesjs-use": {
      "version": "1.3.1",
      "resolved": "https://registry.npmjs.org/pattern-collector-routesjs-use/-/pattern-collector-routesjs-use-1.3.1.tgz",
      "integrity": "sha512-cCiGWdjU9LdRLBBHOpzLgbIYPf6ZV9q4gHyQa9Is8hI2Nw25gU9AlyIXuXOGkIe6YuKuZzLwoKRbpAKcH5JzEw==",
      "dependencies": {
        "pattern-collector": "^1.3.8"
      }
    },
    "node_modules/pattern-collector-routesjs-use-extract": {
      "version": "1.4.1",
      "resolved": "https://registry.npmjs.org/pattern-collector-routesjs-use-extract/-/pattern-collector-routesjs-use-extract-1.4.1.tgz",
      "integrity": "sha512-U2/eUmBMR0ZaEW0pdnut6NtjuxvUq75K154+v6wW/zQUH1njqNpAq3yMwXA629XMVay2PJA1OFLCm6SdZXjKPg==",
      "dependencies": {
        "pattern-collector-routesjs-use": "^1.3.1"
      }
    }
  }
}
